
Microsoft Visual Studio Solution File, Format Version 12.00
# Visual Studio Version 16
VisualStudioVersion = 16.0.29728.190
MinimumVisualStudioVersion = 10.0.40219.1
Project("{FAE04EC0-301F-11D3-BF4B-00C04F79EFBC}") = "SpaceApp", "SpaceApp\SpaceApp.csproj", "{C6F10643-D4AC-4E95-BC62-DF9427B488A5}"
EndProject
Project("{FAE04EC0-301F-11D3-BF4B-00C04F79EFBC}") = "SpaceApp.Assets", "SpaceApp.Assets\SpaceApp.Assets.csproj", "{7346F27F-62CB-49F6-A72B-574B5018B116}"
EndProject
Project("{FAE04EC0-301F-11D3-BF4B-00C04F79EFBC}") = "SpaceApp.Models", "SpaceApp.Models\SpaceApp.Models.csproj", "{23667906-5FB4-4E0B-B337-578F111B6120}"
EndProject
Project("{FAE04EC0-301F-11D3-BF4B-00C04F79EFBC}") = "SpaceApp.Services", "SpaceApp.Services\SpaceApp.Services.csproj", "{A4F073E9-BE5D-4136-8910-21F0716AE7DC}"
EndProject
Project("{FAE04EC0-301F-11D3-BF4B-00C04F79EFBC}") = "SpaceApp.Helpers", "SpaceApp.Helpers\SpaceApp.Helpers.csproj", "{297C6B99-2E42-45D7-AB8E-E0239C829F98}"
EndProject
Global
	GlobalSection(SolutionConfigurationPlatforms) = preSolution
		Debug|Any CPU = Debug|Any CPU
		Release|Any CPU = Release|Any CPU
	EndGlobalSection
	GlobalSection(ProjectConfigurationPlatforms) = postSolution
		{C6F10643-D4AC-4E95-BC62-DF9427B488A5}.Debug|Any CPU.ActiveCfg = Debug|Any CPU
		{C6F10643-D4AC-4E95-BC62-DF9427B488A5}.Debug|Any CPU.Build.0 = Debug|Any CPU
		{C6F10643-D4AC-4E95-BC62-DF9427B488A5}.Release|Any CPU.ActiveCfg = Release|Any CPU
		{C6F10643-D4AC-4E95-BC62-DF9427B488A5}.Release|Any CPU.Build.0 = Release|Any CPU
		{7346F27F-62CB-49F6-A72B-574B5018B116}.Debug|Any CPU.ActiveCfg = Debug|Any CPU
		{7346F27F-62CB-49F6-A72B-574B5018B116}.Debug|Any CPU.Build.0 = Debug|Any CPU
		{7346F27F-62CB-49F6-A72B-574B5018B116}.Release|Any CPU.ActiveCfg = Release|Any CPU
		{7346F27F-62CB-49F6-A72B-574B5018B116}.Release|Any CPU.Build.0 = Release|Any CPU
		{23667906-5FB4-4E0B-B337-578F111B6120}.Debug|Any CPU.ActiveCfg = Debug|Any CPU
		{23667906-5FB4-4E0B-B337-578F111B6120}.Debug|Any CPU.Build.0 = Debug|Any CPU
		{23667906-5FB4-4E0B-B337-578F111B6120}.Release|Any CPU.ActiveCfg = Release|Any CPU
		{23667906-5FB4-4E0B-B337-578F111B6120}.Release|Any CPU.Build.0 = Release|Any CPU
		{A4F073E9-BE5D-4136-8910-21F0716AE7DC}.Debug|Any CPU.ActiveCfg = Debug|Any CPU
		{A4F073E9-BE5D-4136-8910-21F0716AE7DC}.Debug|Any CPU.Build.0 = Debug|Any CPU
		{A4F073E9-BE5D-4136-8910-21F0716AE7DC}.Release|Any CPU.ActiveCfg = Release|Any CPU
		{A4F073E9-BE5D-4136-8910-21F0716AE7DC}.Release|Any CPU.Build.0 = Release|Any CPU
		{297C6B99-2E42-45D7-AB8E-E0239C829F98}.Debug|Any CPU.ActiveCfg = Debug|Any CPU
		{297C6B99-2E42-45D7-AB8E-E0239C829F98}.Debug|Any CPU.Build.0 = Debug|Any CPU
		{297C6B99-2E42-45D7-AB8E-E0239C829F98}.Release|Any CPU.ActiveCfg = Release|Any CPU
		{297C6B99-2E42-45D7-AB8E-E0239C829F98}.Release|Any CPU.Build.0 = Release|Any CPU
	EndGlobalSection
	GlobalSection(SolutionProperties) = preSolution
		HideSolutionNode = FALSE
	EndGlobalSection
	GlobalSection(ExtensibilityGlobals) = postSolution
		SolutionGuid = {BACE98D9-7271-43FD-B091-2367019A969B}
	EndGlobalSection
EndGlobal
